
Microsoft Visual Studio Solution File, Format Version 12.00
# Visual Studio Version 17
VisualStudioVersion = 17.14.36414.22
MinimumVisualStudioVersion = 10.0.40219.1
Project("{FAE04EC0-301F-11D3-BF4B-00C04F79EFBC}") = "MovieExample", "MovieExample\MovieExample.csproj", "{84791132-BC89-4940-B6C2-769D3C96CC8C}"
EndProject
Project("{FAE04EC0-301F-11D3-BF4B-00C04F79EFBC}") = "FirstAgent", "FirstAgent\FirstAgent.csproj", "{5615A693-FA20-4837-88D7-94CD5C257DB4}"
EndProject
Project("{FAE04EC0-301F-11D3-BF4B-00C04F79EFBC}") = "OllamaAgent", "OllamaAgent\OllamaAgent.csproj", "{BE8CB0FF-67ED-4E6E-A10A-7DE9B7542E8E}"
EndProject
Project("{FAE04EC0-301F-11D3-BF4B-00C04F79EFBC}") = "Shared", "Shared\Shared.csproj", "{39CC82F6-CC3E-4EDA-B87D-F06DD215196B}"
EndProject
Project("{2150E333-8FDC-42A3-9474-1A3956D46DE8}") = "BOKIS", "BOKIS", "{02EA681E-C7D8-13C7-8484-4AC65E1B71E8}"
EndProject
Project("{2150E333-8FDC-42A3-9474-1A3956D46DE8}") = "RAG", "RAG", "{DB0773E6-4365-4F0A-89F1-7DD574F65BB5}"
EndProject
Project("{FAE04EC0-301F-11D3-BF4B-00C04F79EFBC}") = "Chatbot", "Chatbot\Chatbot.csproj", "{BC89C19D-9025-459B-BCD7-7A4831BE8642}"
EndProject
Project("{FAE04EC0-301F-11D3-BF4B-00C04F79EFBC}") = "MicrosoftAgentFramework.Utilities", "MicrosoftAgentFramework.Utilities\MicrosoftAgentFramework.Utilities.csproj", "{BD3CABEA-9EF6-3EC8-9A97-CCA7402C406E}"
EndProject
Project("{FAE04EC0-301F-11D3-BF4B-00C04F79EFBC}") = "BokisChatApi", "BokisChatBotApi\BokisChatApi\BokisChatApi.csproj", "{6A862BC7-D154-D2B8-8B96-193AA25FF89C}"
EndProject
Project("{FAE04EC0-301F-11D3-BF4B-00C04F79EFBC}") = "BokisChatApplication", "BokisChatApplication\BokisChatApplication.csproj", "{553CF415-EBF0-4D48-A96F-B51B2993D0A2}"
EndProject
Global
	GlobalSection(SolutionConfigurationPlatforms) = preSolution
		Debug|Any CPU = Debug|Any CPU
		Release|Any CPU = Release|Any CPU
	EndGlobalSection
	GlobalSection(ProjectConfigurationPlatforms) = postSolution
		{84791132-BC89-4940-B6C2-769D3C96CC8C}.Debug|Any CPU.ActiveCfg = Debug|Any CPU
		{84791132-BC89-4940-B6C2-769D3C96CC8C}.Debug|Any CPU.Build.0 = Debug|Any CPU
		{84791132-BC89-4940-B6C2-769D3C96CC8C}.Release|Any CPU.ActiveCfg = Release|Any CPU
		{84791132-BC89-4940-B6C2-769D3C96CC8C}.Release|Any CPU.Build.0 = Release|Any CPU
		{5615A693-FA20-4837-88D7-94CD5C257DB4}.Debug|Any CPU.ActiveCfg = Debug|Any CPU
		{5615A693-FA20-4837-88D7-94CD5C257DB4}.Debug|Any CPU.Build.0 = Debug|Any CPU
		{5615A693-FA20-4837-88D7-94CD5C257DB4}.Release|Any CPU.ActiveCfg = Release|Any CPU
		{5615A693-FA20-4837-88D7-94CD5C257DB4}.Release|Any CPU.Build.0 = Release|Any CPU
		{BE8CB0FF-67ED-4E6E-A10A-7DE9B7542E8E}.Debug|Any CPU.ActiveCfg = Debug|Any CPU
		{BE8CB0FF-67ED-4E6E-A10A-7DE9B7542E8E}.Debug|Any CPU.Build.0 = Debug|Any CPU
		{BE8CB0FF-67ED-4E6E-A10A-7DE9B7542E8E}.Release|Any CPU.ActiveCfg = Release|Any CPU
		{BE8CB0FF-67ED-4E6E-A10A-7DE9B7542E8E}.Release|Any CPU.Build.0 = Release|Any CPU
		{39CC82F6-CC3E-4EDA-B87D-F06DD215196B}.Debug|Any CPU.ActiveCfg = Debug|Any CPU
		{39CC82F6-CC3E-4EDA-B87D-F06DD215196B}.Debug|Any CPU.Build.0 = Debug|Any CPU
		{39CC82F6-CC3E-4EDA-B87D-F06DD215196B}.Release|Any CPU.ActiveCfg = Release|Any CPU
		{39CC82F6-CC3E-4EDA-B87D-F06DD215196B}.Release|Any CPU.Build.0 = Release|Any CPU
		{BC89C19D-9025-459B-BCD7-7A4831BE8642}.Debug|Any CPU.ActiveCfg = Debug|Any CPU
		{BC89C19D-9025-459B-BCD7-7A4831BE8642}.Debug|Any CPU.Build.0 = Debug|Any CPU
		{BC89C19D-9025-459B-BCD7-7A4831BE8642}.Release|Any CPU.ActiveCfg = Release|Any CPU
		{BC89C19D-9025-459B-BCD7-7A4831BE8642}.Release|Any CPU.Build.0 = Release|Any CPU
		{BD3CABEA-9EF6-3EC8-9A97-CCA7402C406E}.Debug|Any CPU.ActiveCfg = Debug|Any CPU
		{BD3CABEA-9EF6-3EC8-9A97-CCA7402C406E}.Debug|Any CPU.Build.0 = Debug|Any CPU
		{BD3CABEA-9EF6-3EC8-9A97-CCA7402C406E}.Release|Any CPU.ActiveCfg = Release|Any CPU
		{BD3CABEA-9EF6-3EC8-9A97-CCA7402C406E}.Release|Any CPU.Build.0 = Release|Any CPU
		{6A862BC7-D154-D2B8-8B96-193AA25FF89C}.Debug|Any CPU.ActiveCfg = Debug|Any CPU
		{6A862BC7-D154-D2B8-8B96-193AA25FF89C}.Debug|Any CPU.Build.0 = Debug|Any CPU
		{6A862BC7-D154-D2B8-8B96-193AA25FF89C}.Release|Any CPU.ActiveCfg = Release|Any CPU
		{6A862BC7-D154-D2B8-8B96-193AA25FF89C}.Release|Any CPU.Build.0 = Release|Any CPU
		{553CF415-EBF0-4D48-A96F-B51B2993D0A2}.Debug|Any CPU.ActiveCfg = Debug|Any CPU
		{553CF415-EBF0-4D48-A96F-B51B2993D0A2}.Debug|Any CPU.Build.0 = Debug|Any CPU
		{553CF415-EBF0-4D48-A96F-B51B2993D0A2}.Release|Any CPU.ActiveCfg = Release|Any CPU
		{553CF415-EBF0-4D48-A96F-B51B2993D0A2}.Release|Any CPU.Build.0 = Release|Any CPU
	EndGlobalSection
	GlobalSection(SolutionProperties) = preSolution
		HideSolutionNode = FALSE
	EndGlobalSection
	GlobalSection(NestedProjects) = preSolution
		{DB0773E6-4365-4F0A-89F1-7DD574F65BB5} = {02EA681E-C7D8-13C7-8484-4AC65E1B71E8}
		{BC89C19D-9025-459B-BCD7-7A4831BE8642} = {DB0773E6-4365-4F0A-89F1-7DD574F65BB5}
		{6A862BC7-D154-D2B8-8B96-193AA25FF89C} = {02EA681E-C7D8-13C7-8484-4AC65E1B71E8}
		{553CF415-EBF0-4D48-A96F-B51B2993D0A2} = {02EA681E-C7D8-13C7-8484-4AC65E1B71E8}
	EndGlobalSection
	GlobalSection(ExtensibilityGlobals) = postSolution
		SolutionGuid = {960BEED4-1412-4C55-924B-D9B9F1598D94}
	EndGlobalSection
EndGlobal
